// !$*UTF8*$!
{
	archiveVersion = 1;
	classes = {
	};
	objectVersion = 56;
	objects = {

/* Begin PBXBuildFile section */
		6B7627BA2C6601C400B9F17B /* SofiaApp.swift in Sources */ = {isa = PBXBuildFile; fileRef = 6B7627B92C6601C400B9F17B /* SofiaApp.swift */; };
		6B7627BC2C6601C400B9F17B /* ContentView.swift in Sources */ = {isa = PBXBuildFile; fileRef = 6B7627BB2C6601C400B9F17B /* ContentView.swift */; };
		6B7627BE2C6601C600B9F17B /* Assets.xcassets in Resources */ = {isa = PBXBuildFile; fileRef = 6B7627BD2C6601C600B9F17B /* Assets.xcassets */; };
		6B7627C12C6601C600B9F17B /* Preview Assets.xcassets in Resources */ = {isa = PBXBuildFile; fileRef = 6B7627C02C6601C600B9F17B /* Preview Assets.xcassets */; };
		6B7627C92C66030C00B9F17B /* OAuthSwift in Frameworks */ = {isa = PBXBuildFile; productRef = 6B7627C82C66030C00B9F17B /* OAuthSwift */; };
		6B7627CF2C66122800B9F17B /* Configuration.swift in Sources */ = {isa = PBXBuildFile; fileRef = 6B7627CE2C66122800B9F17B /* Configuration.swift */; };
		6B7627D22C66181200B9F17B /* KeychainSwift in Frameworks */ = {isa = PBXBuildFile; productRef = 6B7627D12C66181200B9F17B /* KeychainSwift */; };
		6B7627D52C661F9700B9F17B /* Alamofire in Frameworks */ = {isa = PBXBuildFile; productRef = 6B7627D42C661F9700B9F17B /* Alamofire */; };
		6B7627D72C66234F00B9F17B /* StatusBarModel.swift in Sources */ = {isa = PBXBuildFile; fileRef = 6B7627D62C66234F00B9F17B /* StatusBarModel.swift */; };
		6B7627DB2C662EBD00B9F17B /* OnboardingPage.swift in Sources */ = {isa = PBXBuildFile; fileRef = 6B7627DA2C662EBD00B9F17B /* OnboardingPage.swift */; };
		6B7627DD2C6640A800B9F17B /* UserModel.swift in Sources */ = {isa = PBXBuildFile; fileRef = 6B7627DC2C6640A800B9F17B /* UserModel.swift */; };
		6B7627DF2C66411C00B9F17B /* UserPage.swift in Sources */ = {isa = PBXBuildFile; fileRef = 6B7627DE2C66411C00B9F17B /* UserPage.swift */; };
		6B7627F12C664A2800B9F17B /* SDWebImageSwiftUI in Frameworks */ = {isa = PBXBuildFile; productRef = 6B7627F02C664A2800B9F17B /* SDWebImageSwiftUI */; };
		6B7627F32C664F9600B9F17B /* HomePage.swift in Sources */ = {isa = PBXBuildFile; fileRef = 6B7627F22C664F9600B9F17B /* HomePage.swift */; };
		6B7627F52C665EE600B9F17B /* LogPage.swift in Sources */ = {isa = PBXBuildFile; fileRef = 6B7627F42C665EE600B9F17B /* LogPage.swift */; };
		6B7627F72C665F1400B9F17B /* LogModel.swift in Sources */ = {isa = PBXBuildFile; fileRef = 6B7627F62C665F1400B9F17B /* LogModel.swift */; };
/* End PBXBuildFile section */

/* Begin PBXFileReference section */
		6B7627B62C6601C400B9F17B /* Sofia.app */ = {isa = PBXFileReference; explicitFileType = wrapper.application; includeInIndex = 0; path = Sofia.app; sourceTree = BUILT_PRODUCTS_DIR; };
		6B7627B92C6601C400B9F17B /* SofiaApp.swift */ = {isa = PBXFileReference; lastKnownFileType = sourcecode.swift; path = SofiaApp.swift; sourceTree = "<group>"; };
		6B7627BB2C6601C400B9F17B /* ContentView.swift */ = {isa = PBXFileReference; lastKnownFileType = sourcecode.swift; path = ContentView.swift; sourceTree = "<group>"; };
		6B7627BD2C6601C600B9F17B /* Assets.xcassets */ = {isa = PBXFileReference; lastKnownFileType = folder.assetcatalog; path = Assets.xcassets; sourceTree = "<group>"; };
		6B7627C02C6601C600B9F17B /* Preview Assets.xcassets */ = {isa = PBXFileReference; lastKnownFileType = folder.assetcatalog; path = "Preview Assets.xcassets"; sourceTree = "<group>"; };
		6B7627CA2C66032D00B9F17B /* Info.plist */ = {isa = PBXFileReference; lastKnownFileType = text.plist; path = Info.plist; sourceTree = "<group>"; };
		6B7627CC2C6611A400B9F17B /* Release.xcconfig */ = {isa = PBXFileReference; lastKnownFileType = text.xcconfig; path = Release.xcconfig; sourceTree = "<group>"; };
		6B7627CD2C6611E700B9F17B /* Debug.xcconfig */ = {isa = PBXFileReference; lastKnownFileType = text.xcconfig; path = Debug.xcconfig; sourceTree = "<group>"; };
		6B7627CE2C66122800B9F17B /* Configuration.swift */ = {isa = PBXFileReference; lastKnownFileType = sourcecode.swift; path = Configuration.swift; sourceTree = "<group>"; };
		6B7627D62C66234F00B9F17B /* StatusBarModel.swift */ = {isa = PBXFileReference; lastKnownFileType = sourcecode.swift; path = StatusBarModel.swift; sourceTree = "<group>"; };
		6B7627DA2C662EBD00B9F17B /* OnboardingPage.swift */ = {isa = PBXFileReference; lastKnownFileType = sourcecode.swift; path = OnboardingPage.swift; sourceTree = "<group>"; };
		6B7627DC2C6640A800B9F17B /* UserModel.swift */ = {isa = PBXFileReference; lastKnownFileType = sourcecode.swift; path = UserModel.swift; sourceTree = "<group>"; };
		6B7627DE2C66411C00B9F17B /* UserPage.swift */ = {isa = PBXFileReference; lastKnownFileType = sourcecode.swift; path = UserPage.swift; sourceTree = "<group>"; };
		6B7627F22C664F9600B9F17B /* HomePage.swift */ = {isa = PBXFileReference; lastKnownFileType = sourcecode.swift; path = HomePage.swift; sourceTree = "<group>"; };
		6B7627F42C665EE600B9F17B /* LogPage.swift */ = {isa = PBXFileReference; lastKnownFileType = sourcecode.swift; path = LogPage.swift; sourceTree = "<group>"; };
		6B7627F62C665F1400B9F17B /* LogModel.swift */ = {isa = PBXFileReference; lastKnownFileType = sourcecode.swift; path = LogModel.swift; sourceTree = "<group>"; };
/* End PBXFileReference section */

/* Begin PBXFrameworksBuildPhase section */
		6B7627B32C6601C400B9F17B /* Frameworks */ = {
			isa = PBXFrameworksBuildPhase;
			buildActionMask = 2147483647;
			files = (
				6B7627F12C664A2800B9F17B /* SDWebImageSwiftUI in Frameworks */,
				6B7627D52C661F9700B9F17B /* Alamofire in Frameworks */,
				6B7627D22C66181200B9F17B /* KeychainSwift in Frameworks */,
				6B7627C92C66030C00B9F17B /* OAuthSwift in Frameworks */,
			);
			runOnlyForDeploymentPostprocessing = 0;
		};
/* End PBXFrameworksBuildPhase section */

/* Begin PBXGroup section */
		6B7627AD2C6601C400B9F17B = {
			isa = PBXGroup;
			children = (
				6B7627B82C6601C400B9F17B /* Sofia */,
				6B7627B72C6601C400B9F17B /* Products */,
			);
			sourceTree = "<group>";
		};
		6B7627B72C6601C400B9F17B /* Products */ = {
			isa = PBXGroup;
			children = (
				6B7627B62C6601C400B9F17B /* Sofia.app */,
			);
			name = Products;
			sourceTree = "<group>";
		};
		6B7627B82C6601C400B9F17B /* Sofia */ = {
			isa = PBXGroup;
			children = (
				6B7627CB2C66118400B9F17B /* Configuration */,
				6B7627CA2C66032D00B9F17B /* Info.plist */,
				6B7627B92C6601C400B9F17B /* SofiaApp.swift */,
				6B7627BB2C6601C400B9F17B /* ContentView.swift */,
				6B7627BD2C6601C600B9F17B /* Assets.xcassets */,
				6B7627BF2C6601C600B9F17B /* Preview Content */,
				6B7627D62C66234F00B9F17B /* StatusBarModel.swift */,
				6B7627DA2C662EBD00B9F17B /* OnboardingPage.swift */,
				6B7627DC2C6640A800B9F17B /* UserModel.swift */,
				6B7627DE2C66411C00B9F17B /* UserPage.swift */,
				6B7627F22C664F9600B9F17B /* HomePage.swift */,
				6B7627F42C665EE600B9F17B /* LogPage.swift */,
				6B7627F62C665F1400B9F17B /* LogModel.swift */,
			);
			path = Sofia;
			sourceTree = "<group>";
		};
		6B7627BF2C6601C600B9F17B /* Preview Content */ = {
			isa = PBXGroup;
			children = (
				6B7627C02C6601C600B9F17B /* Preview Assets.xcassets */,
			);
			path = "Preview Content";
			sourceTree = "<group>";
		};
		6B7627CB2C66118400B9F17B /* Configuration */ = {
			isa = PBXGroup;
			children = (
				6B7627CC2C6611A400B9F17B /* Release.xcconfig */,
				6B7627CD2C6611E700B9F17B /* Debug.xcconfig */,
				6B7627CE2C66122800B9F17B /* Configuration.swift */,
			);
			path = Configuration;
			sourceTree = "<group>";
		};
/* End PBXGroup section */

/* Begin PBXNativeTarget section */
		6B7627B52C6601C400B9F17B /* Sofia */ = {
			isa = PBXNativeTarget;
			buildConfigurationList = 6B7627C42C6601C600B9F17B /* Build configuration list for PBXNativeTarget "Sofia" */;
			buildPhases = (
				6B7627B22C6601C400B9F17B /* Sources */,
				6B7627B32C6601C400B9F17B /* Frameworks */,
				6B7627B42C6601C400B9F17B /* Resources */,
			);
			buildRules = (
			);
			dependencies = (
			);
			name = Sofia;
			packageProductDependencies = (
				6B7627C82C66030C00B9F17B /* OAuthSwift */,
				6B7627D12C66181200B9F17B /* KeychainSwift */,
				6B7627D42C661F9700B9F17B /* Alamofire */,
				6B7627F02C664A2800B9F17B /* SDWebImageSwiftUI */,
			);
			productName = Sofia;
			productReference = 6B7627B62C6601C400B9F17B /* Sofia.app */;
			productType = "com.apple.product-type.application";
		};
/* End PBXNativeTarget section */

/* Begin PBXProject section */
		6B7627AE2C6601C400B9F17B /* Project object */ = {
			isa = PBXProject;
			attributes = {
				BuildIndependentTargetsInParallel = 1;
				LastSwiftUpdateCheck = 1420;
				LastUpgradeCheck = 1420;
				TargetAttributes = {
					6B7627B52C6601C400B9F17B = {
						CreatedOnToolsVersion = 14.2;
					};
				};
			};
			buildConfigurationList = 6B7627B12C6601C400B9F17B /* Build configuration list for PBXProject "Sofia" */;
			compatibilityVersion = "Xcode 14.0";
			developmentRegion = en;
			hasScannedForEncodings = 0;
			knownRegions = (
				en,
				Base,
			);
			mainGroup = 6B7627AD2C6601C400B9F17B;
			packageReferences = (
				6B7627C72C66030C00B9F17B /* XCRemoteSwiftPackageReference "OAuthSwift" */,
				6B7627D02C66181200B9F17B /* XCRemoteSwiftPackageReference "keychain-swift" */,
				6B7627D32C661F9700B9F17B /* XCRemoteSwiftPackageReference "Alamofire" */,
				6B7627EF2C664A2800B9F17B /* XCRemoteSwiftPackageReference "SDWebImageSwiftUI" */,
			);
			productRefGroup = 6B7627B72C6601C400B9F17B /* Products */;
			projectDirPath = "";
			projectRoot = "";
			targets = (
				6B7627B52C6601C400B9F17B /* Sofia */,
			);
		};
/* End PBXProject section */

/* Begin PBXResourcesBuildPhase section */
		6B7627B42C6601C400B9F17B /* Resources */ = {
			isa = PBXResourcesBuildPhase;
			buildActionMask = 2147483647;
			files = (
				6B7627C12C6601C600B9F17B /* Preview Assets.xcassets in Resources */,
				6B7627BE2C6601C600B9F17B /* Assets.xcassets in Resources */,
			);
			runOnlyForDeploymentPostprocessing = 0;
		};
/* End PBXResourcesBuildPhase section */

/* Begin PBXSourcesBuildPhase section */
		6B7627B22C6601C400B9F17B /* Sources */ = {
			isa = PBXSourcesBuildPhase;
			buildActionMask = 2147483647;
			files = (
				6B7627F52C665EE600B9F17B /* LogPage.swift in Sources */,
				6B7627CF2C66122800B9F17B /* Configuration.swift in Sources */,
				6B7627D72C66234F00B9F17B /* StatusBarModel.swift in Sources */,
				6B7627BC2C6601C400B9F17B /* ContentView.swift in Sources */,
				6B7627DF2C66411C00B9F17B /* UserPage.swift in Sources */,
				6B7627BA2C6601C400B9F17B /* SofiaApp.swift in Sources */,
				6B7627DD2C6640A800B9F17B /* UserModel.swift in Sources */,
				6B7627DB2C662EBD00B9F17B /* OnboardingPage.swift in Sources */,
				6B7627F72C665F1400B9F17B /* LogModel.swift in Sources */,
				6B7627F32C664F9600B9F17B /* HomePage.swift in Sources */,
			);
			runOnlyForDeploymentPostprocessing = 0;
		};
/* End PBXSourcesBuildPhase section */

/* Begin XCBuildConfiguration section */
		6B7627C22C6601C600B9F17B /* Debug */ = {
			isa = XCBuildConfiguration;
			baseConfigurationReference = 6B7627CD2C6611E700B9F17B /* Debug.xcconfig */;
			buildSettings = {
				ALWAYS_SEARCH_USER_PATHS = NO;
				CLANG_ANALYZER_NONNULL = YES;
				CLANG_ANALYZER_NUMBER_OBJECT_CONVERSION = YES_AGGRESSIVE;
				CLANG_CXX_LANGUAGE_STANDARD = "gnu++20";
				CLANG_ENABLE_MODULES = YES;
				CLANG_ENABLE_OBJC_ARC = YES;
				CLANG_ENABLE_OBJC_WEAK = YES;
				CLANG_WARN_BLOCK_CAPTURE_AUTORELEASING = YES;
				CLANG_WARN_BOOL_CONVERSION = YES;
				CLANG_WARN_COMMA = YES;
				CLANG_WARN_CONSTANT_CONVERSION = YES;
				CLANG_WARN_DEPRECATED_OBJC_IMPLEMENTATIONS = YES;
				CLANG_WARN_DIRECT_OBJC_ISA_USAGE = YES_ERROR;
				CLANG_WARN_DOCUMENTATION_COMMENTS = YES;
				CLANG_WARN_EMPTY_BODY = YES;
				CLANG_WARN_ENUM_CONVERSION = YES;
				CLANG_WARN_INFINITE_RECURSION = YES;
				CLANG_WARN_INT_CONVERSION = YES;
				CLANG_WARN_NON_LITERAL_NULL_CONVERSION = YES;
				CLANG_WARN_OBJC_IMPLICIT_RETAIN_SELF = YES;
				CLANG_WARN_OBJC_LITERAL_CONVERSION = YES;
				CLANG_WARN_OBJC_ROOT_CLASS = YES_ERROR;
				CLANG_WARN_QUOTED_INCLUDE_IN_FRAMEWORK_HEADER = YES;
				CLANG_WARN_RANGE_LOOP_ANALYSIS = YES;
				CLANG_WARN_STRICT_PROTOTYPES = YES;
				CLANG_WARN_SUSPICIOUS_MOVE = YES;
				CLANG_WARN_UNGUARDED_AVAILABILITY = YES_AGGRESSIVE;
				CLANG_WARN_UNREACHABLE_CODE = YES;
				CLANG_WARN__DUPLICATE_METHOD_MATCH = YES;
				COPY_PHASE_STRIP = NO;
				DEBUG_INFORMATION_FORMAT = dwarf;
				ENABLE_STRICT_OBJC_MSGSEND = YES;
				ENABLE_TESTABILITY = YES;
				GCC_C_LANGUAGE_STANDARD = gnu11;
				GCC_DYNAMIC_NO_PIC = NO;
				GCC_NO_COMMON_BLOCKS = YES;
				GCC_OPTIMIZATION_LEVEL = 0;
				GCC_PREPROCESSOR_DEFINITIONS = (
					"DEBUG=1",
					"$(inherited)",
				);
				GCC_WARN_64_TO_32_BIT_CONVERSION = YES;
				GCC_WARN_ABOUT_RETURN_TYPE = YES_ERROR;
				GCC_WARN_UNDECLARED_SELECTOR = YES;
				GCC_WARN_UNINITIALIZED_AUTOS = YES_AGGRESSIVE;
				GCC_WARN_UNUSED_FUNCTION = YES;
				GCC_WARN_UNUSED_VARIABLE = YES;
				IPHONEOS_DEPLOYMENT_TARGET = 14.0;
				MTL_ENABLE_DEBUG_INFO = INCLUDE_SOURCE;
				MTL_FAST_MATH = YES;
				ONLY_ACTIVE_ARCH = YES;
				SDKROOT = iphoneos;
				SWIFT_ACTIVE_COMPILATION_CONDITIONS = DEBUG;
				SWIFT_OPTIMIZATION_LEVEL = "-Onone";
			};
			name = Debug;
		};
		6B7627C32C6601C600B9F17B /* Release */ = {
			isa = XCBuildConfiguration;
			baseConfigurationReference = 6B7627CC2C6611A400B9F17B /* Release.xcconfig */;
			buildSettings = {
				ALWAYS_SEARCH_USER_PATHS = NO;
				CLANG_ANALYZER_NONNULL = YES;
				CLANG_ANALYZER_NUMBER_OBJECT_CONVERSION = YES_AGGRESSIVE;
				CLANG_CXX_LANGUAGE_STANDARD = "gnu++20";
				CLANG_ENABLE_MODULES = YES;
				CLANG_ENABLE_OBJC_ARC = YES;
				CLANG_ENABLE_OBJC_WEAK = YES;
				CLANG_WARN_BLOCK_CAPTURE_AUTORELEASING = YES;
				CLANG_WARN_BOOL_CONVERSION = YES;
				CLANG_WARN_COMMA = YES;
				CLANG_WARN_CONSTANT_CONVERSION = YES;
				CLANG_WARN_DEPRECATED_OBJC_IMPLEMENTATIONS = YES;
				CLANG_WARN_DIRECT_OBJC_ISA_USAGE = YES_ERROR;
				CLANG_WARN_DOCUMENTATION_COMMENTS = YES;
				CLANG_WARN_EMPTY_BODY = YES;
				CLANG_WARN_ENUM_CONVERSION = YES;
				CLANG_WARN_INFINITE_RECURSION = YES;
				CLANG_WARN_INT_CONVERSION = YES;
				CLANG_WARN_NON_LITERAL_NULL_CONVERSION = YES;
				CLANG_WARN_OBJC_IMPLICIT_RETAIN_SELF = YES;
				CLANG_WARN_OBJC_LITERAL_CONVERSION = YES;
				CLANG_WARN_OBJC_ROOT_CLASS = YES_ERROR;
				CLANG_WARN_QUOTED_INCLUDE_IN_FRAMEWORK_HEADER = YES;
				CLANG_WARN_RANGE_LOOP_ANALYSIS = YES;
				CLANG_WARN_STRICT_PROTOTYPES = YES;
				CLANG_WARN_SUSPICIOUS_MOVE = YES;
				CLANG_WARN_UNGUARDED_AVAILABILITY = YES_AGGRESSIVE;
				CLANG_WARN_UNREACHABLE_CODE = YES;
				CLANG_WARN__DUPLICATE_METHOD_MATCH = YES;
				COPY_PHASE_STRIP = NO;
				DEBUG_INFORMATION_FORMAT = "dwarf-with-dsym";
				ENABLE_NS_ASSERTIONS = NO;
				ENABLE_STRICT_OBJC_MSGSEND = YES;
				GCC_C_LANGUAGE_STANDARD = gnu11;
				GCC_NO_COMMON_BLOCKS = YES;
				GCC_WARN_64_TO_32_BIT_CONVERSION = YES;
				GCC_WARN_ABOUT_RETURN_TYPE = YES_ERROR;
				GCC_WARN_UNDECLARED_SELECTOR = YES;
				GCC_WARN_UNINITIALIZED_AUTOS = YES_AGGRESSIVE;
				GCC_WARN_UNUSED_FUNCTION = YES;
				GCC_WARN_UNUSED_VARIABLE = YES;
				IPHONEOS_DEPLOYMENT_TARGET = 14.0;
				MTL_ENABLE_DEBUG_INFO = NO;
				MTL_FAST_MATH = YES;
				SDKROOT = iphoneos;
				SWIFT_COMPILATION_MODE = wholemodule;
				SWIFT_OPTIMIZATION_LEVEL = "-O";
				VALIDATE_PRODUCT = YES;
			};
			name = Release;
		};
		6B7627C52C6601C600B9F17B /* Debug */ = {
			isa = XCBuildConfiguration;
			buildSettings = {
				ASSETCATALOG_COMPILER_APPICON_NAME = AppIcon;
				ASSETCATALOG_COMPILER_GLOBAL_ACCENT_COLOR_NAME = AccentColor;
				CODE_SIGN_STYLE = Automatic;
				CURRENT_PROJECT_VERSION = 1;
				DEVELOPMENT_ASSET_PATHS = "\"Sofia/Preview Content\"";
				DEVELOPMENT_TEAM = 9GE8EQEDQB;
				ENABLE_PREVIEWS = YES;
				GENERATE_INFOPLIST_FILE = YES;
				INFOPLIST_FILE = Sofia/Info.plist;
				INFOPLIST_KEY_UIApplicationSceneManifest_Generation = YES;
				INFOPLIST_KEY_UIApplicationSupportsIndirectInputEvents = YES;
				INFOPLIST_KEY_UILaunchScreen_Generation = YES;
				INFOPLIST_KEY_UISupportedInterfaceOrientations = UIInterfaceOrientationPortrait;
				IPHONEOS_DEPLOYMENT_TARGET = 14.0;
				LD_RUNPATH_SEARCH_PATHS = (
					"$(inherited)",
					"@executable_path/Frameworks",
				);
				MARKETING_VERSION = 1.0;
				PRODUCT_BUNDLE_IDENTIFIER = id.alfian.Sofia;
				PRODUCT_NAME = "$(TARGET_NAME)";
				SUPPORTED_PLATFORMS = "iphoneos iphonesimulator";
				SUPPORTS_MACCATALYST = NO;
				SUPPORTS_MAC_DESIGNED_FOR_IPHONE_IPAD = NO;
				SWIFT_EMIT_LOC_STRINGS = YES;
				SWIFT_VERSION = 5.0;
				TARGETED_DEVICE_FAMILY = 1;
			};
			name = Debug;
		};
		6B7627C62C6601C600B9F17B /* Release */ = {
			isa = XCBuildConfiguration;
			buildSettings = {
				ASSETCATALOG_COMPILER_APPICON_NAME = AppIcon;
				ASSETCATALOG_COMPILER_GLOBAL_ACCENT_COLOR_NAME = AccentColor;
				CODE_SIGN_STYLE = Automatic;
				CURRENT_PROJECT_VERSION = 1;
				DEVELOPMENT_ASSET_PATHS = "\"Sofia/Preview Content\"";
				DEVELOPMENT_TEAM = 9GE8EQEDQB;
				ENABLE_PREVIEWS = YES;
				GENERATE_INFOPLIST_FILE = YES;
				INFOPLIST_FILE = Sofia/Info.plist;
				INFOPLIST_KEY_UIApplicationSceneManifest_Generation = YES;
				INFOPLIST_KEY_UIApplicationSupportsIndirectInputEvents = YES;
				INFOPLIST_KEY_UILaunchScreen_Generation = YES;
				INFOPLIST_KEY_UISupportedInterfaceOrientations = UIInterfaceOrientationPortrait;
				IPHONEOS_DEPLOYMENT_TARGET = 14.0;
				LD_RUNPATH_SEARCH_PATHS = (
					"$(inherited)",
					"@executable_path/Frameworks",
				);
				MARKETING_VERSION = 1.0;
				PRODUCT_BUNDLE_IDENTIFIER = id.alfian.Sofia;
				PRODUCT_NAME = "$(TARGET_NAME)";
				SUPPORTED_PLATFORMS = "iphoneos iphonesimulator";
				SUPPORTS_MACCATALYST = NO;
				SUPPORTS_MAC_DESIGNED_FOR_IPHONE_IPAD = NO;
				SWIFT_EMIT_LOC_STRINGS = YES;
				SWIFT_VERSION = 5.0;
				TARGETED_DEVICE_FAMILY = 1;
			};
			name = Release;
		};
/* End XCBuildConfiguration section */

/* Begin XCConfigurationList section */
		6B7627B12C6601C400B9F17B /* Build configuration list for PBXProject "Sofia" */ = {
			isa = XCConfigurationList;
			buildConfigurations = (
				6B7627C22C6601C600B9F17B /* Debug */,
				6B7627C32C6601C600B9F17B /* Release */,
			);
			defaultConfigurationIsVisible = 0;
			defaultConfigurationName = Release;
		};
		6B7627C42C6601C600B9F17B /* Build configuration list for PBXNativeTarget "Sofia" */ = {
			isa = XCConfigurationList;
			buildConfigurations = (
				6B7627C52C6601C600B9F17B /* Debug */,
				6B7627C62C6601C600B9F17B /* Release */,
			);
			defaultConfigurationIsVisible = 0;
			defaultConfigurationName = Release;
		};
/* End XCConfigurationList section */

/* Begin XCRemoteSwiftPackageReference section */
		6B7627C72C66030C00B9F17B /* XCRemoteSwiftPackageReference "OAuthSwift" */ = {
			isa = XCRemoteSwiftPackageReference;
			repositoryURL = "https://github.com/OAuthSwift/OAuthSwift.git";
			requirement = {
				kind = upToNextMajorVersion;
				minimumVersion = 2.0.0;
			};
		};
		6B7627D02C66181200B9F17B /* XCRemoteSwiftPackageReference "keychain-swift" */ = {
			isa = XCRemoteSwiftPackageReference;
			repositoryURL = "https://github.com/evgenyneu/keychain-swift.git";
			requirement = {
				kind = upToNextMajorVersion;
				minimumVersion = 24.0.0;
			};
		};
		6B7627D32C661F9700B9F17B /* XCRemoteSwiftPackageReference "Alamofire" */ = {
			isa = XCRemoteSwiftPackageReference;
			repositoryURL = "https://github.com/Alamofire/Alamofire.git";
			requirement = {
				kind = upToNextMajorVersion;
				minimumVersion = 5.0.0;
			};
		};
		6B7627EF2C664A2800B9F17B /* XCRemoteSwiftPackageReference "SDWebImageSwiftUI" */ = {
			isa = XCRemoteSwiftPackageReference;
			repositoryURL = "https://github.com/SDWebImage/SDWebImageSwiftUI.git";
			requirement = {
				kind = exactVersion;
				version = 3.1.0;
			};
		};
/* End XCRemoteSwiftPackageReference section */

/* Begin XCSwiftPackageProductDependency section */
		6B7627C82C66030C00B9F17B /* OAuthSwift */ = {
			isa = XCSwiftPackageProductDependency;
			package = 6B7627C72C66030C00B9F17B /* XCRemoteSwiftPackageReference "OAuthSwift" */;
			productName = OAuthSwift;
		};
		6B7627D12C66181200B9F17B /* KeychainSwift */ = {
			isa = XCSwiftPackageProductDependency;
			package = 6B7627D02C66181200B9F17B /* XCRemoteSwiftPackageReference "keychain-swift" */;
			productName = KeychainSwift;
		};
		6B7627D42C661F9700B9F17B /* Alamofire */ = {
			isa = XCSwiftPackageProductDependency;
			package = 6B7627D32C661F9700B9F17B /* XCRemoteSwiftPackageReference "Alamofire" */;
			productName = Alamofire;
		};
		6B7627F02C664A2800B9F17B /* SDWebImageSwiftUI */ = {
			isa = XCSwiftPackageProductDependency;
			package = 6B7627EF2C664A2800B9F17B /* XCRemoteSwiftPackageReference "SDWebImageSwiftUI" */;
			productName = SDWebImageSwiftUI;
		};
/* End XCSwiftPackageProductDependency section */
	};
	rootObject = 6B7627AE2C6601C400B9F17B /* Project object */;
}
